
Microsoft Visual Studio Solution File, Format Version 12.00
# Visual Studio Version 17
VisualStudioVersion = 17.14.36717.8 d17.14
MinimumVisualStudioVersion = 10.0.40219.1
Project("{8BC9CEB8-8B4A-11D0-8D11-00A0C91BC942}") = "Reastaurant Management System", "Reastaurant Management System.vcxproj", "{902BE1E2-F66F-4276-90E2-C93881A25767}"
EndProject
Global
	GlobalSection(SolutionConfigurationPlatforms) = preSolution
		Debug|x64 = Debug|x64
		Debug|x86 = Debug|x86
		Release|x64 = Release|x64
		Release|x86 = Release|x86
	EndGlobalSection
	GlobalSection(ProjectConfigurationPlatforms) = postSolution
		{902BE1E2-F66F-4276-90E2-C93881A25767}.Debug|x64.ActiveCfg = Debug|x64
		{902BE1E2-F66F-4276-90E2-C93881A25767}.Debug|x64.Build.0 = Debug|x64
		{902BE1E2-F66F-4276-90E2-C93881A25767}.Debug|x86.ActiveCfg = Debug|Win32
		{902BE1E2-F66F-4276-90E2-C93881A25767}.Debug|x86.Build.0 = Debug|Win32
		{902BE1E2-F66F-4276-90E2-C93881A25767}.Release|x64.ActiveCfg = Release|x64
		{902BE1E2-F66F-4276-90E2-C93881A25767}.Release|x64.Build.0 = Release|x64
		{902BE1E2-F66F-4276-90E2-C93881A25767}.Release|x86.ActiveCfg = Release|Win32
		{902BE1E2-F66F-4276-90E2-C93881A25767}.Release|x86.Build.0 = Release|Win32
	EndGlobalSection
	GlobalSection(SolutionProperties) = preSolution
		HideSolutionNode = FALSE
	EndGlobalSection
	GlobalSection(ExtensibilityGlobals) = postSolution
		SolutionGuid = {4C2D8AE9-97DD-410F-9159-76A76E184AE2}
	EndGlobalSection
EndGlobal
