<?xml version="1.0" encoding="utf-8"?>
<Project ToolsVersion="4.0" xmlns="http://schemas.microsoft.com/developer/msbuild/2003">
  <ItemGroup>
    <Filter Include="Source Files">
      <UniqueIdentifier>{4FC737F1-C7A5-4376-A066-2A32D752A2FF}</UniqueIdentifier>
      <Extensions>cpp;c;cc;cxx;c++;cppm;ixx;def;odl;idl;hpj;bat;asm;asmx</Extensions>
    </Filter>
    <Filter Include="Header Files">
      <UniqueIdentifier>{93995380-89BD-4b04-88EB-625FBE52EBFB}</UniqueIdentifier>
      <Extensions>h;hh;hpp;hxx;h++;hm;inl;inc;ipp;xsd</Extensions>
    </Filter>
    <Filter Include="Resource Files">
      <UniqueIdentifier>{67DA6AB6-F800-4c08-8B7A-83BB121AAD01}</UniqueIdentifier>
      <Extensions>rc;ico;cur;bmp;dlg;rc2;rct;bin;rgs;gif;jpg;jpeg;jpe;resx;tiff;tif;png;wav;mfcribbon-ms</Extensions>
    </Filter>
    <Filter Include="ADTs">
      <UniqueIdentifier>{99207cd1-4a44-4d7c-a5e4-2b347a7bf84e}</UniqueIdentifier>
    </Filter>
    <Filter Include="Classes">
      <UniqueIdentifier>{161417a2-52f9-4cdd-9e78-3b532a0fe971}</UniqueIdentifier>
    </Filter>
    <Filter Include="Actions">
      <UniqueIdentifier>{a59f7477-c956-4564-baa7-937b888a661c}</UniqueIdentifier>
    </Filter>
    <Filter Include="UI">
      <UniqueIdentifier>{86323dd5-f6ef-4fcf-b480-8c24f05260a7}</UniqueIdentifier>
    </Filter>
    <Filter Include="Restaurant">
      <UniqueIdentifier>{2a62afba-b3fc-41b3-916c-41d2b0b5ddca}</UniqueIdentifier>
    </Filter>
  </ItemGroup>
  <ItemGroup>
    <ClCompile Include="Classes\orders.cpp">
      <Filter>Classes</Filter>
    </ClCompile>
    <ClCompile Include="Classes\scooters.cpp">
      <Filter>Classes</Filter>
    </ClCompile>
    <ClCompile Include="Classes\tables.cpp">
      <Filter>Classes</Filter>
    </ClCompile>
    <ClCompile Include="UI\UI.cpp">
      <Filter>UI</Filter>
    </ClCompile>
    <ClCompile Include="Classes\chefs.cpp">
      <Filter>Classes</Filter>
    </ClCompile>
    <ClCompile Include="Actions\RequestAction.cpp">
      <Filter>Actions</Filter>
    </ClCompile>
    <ClCompile Include="Actions\CancelAction.cpp">
      <Filter>Actions</Filter>
    </ClCompile>
    <ClCompile Include="Restaurant\Restaurant.cpp">
      <Filter>Restaurant</Filter>
    </ClCompile>
    <ClCompile Include="Classes\Deliveryorders.cpp">
      <Filter>Classes</Filter>
    </ClCompile>
    <ClCompile Include="Classes\Dineorders.cpp">
      <Filter>Classes</Filter>
    </ClCompile>
    <ClCompile Include="Classes\Takeawayorders.cpp">
      <Filter>Classes</Filter>
    </ClCompile>
    <ClCompile Include="Main.cpp">
      <Filter>Source Files</Filter>
    </ClCompile>
    <ClCompile Include="Classes\ComboOrders.cpp">
      <Filter>Classes</Filter>
    </ClCompile>
  </ItemGroup>
  <ItemGroup>
    <ClInclude Include="ADTs\ArrayStack.h">
      <Filter>ADTs</Filter>
    </ClInclude>
    <ClInclude Include="ADTs\LinkedQueue.h">
      <Filter>ADTs</Filter>
    </ClInclude>
    <ClInclude Include="ADTs\Node.h">
      <Filter>ADTs</Filter>
    </ClInclude>
    <ClInclude Include="ADTs\PriorityQueue.h">
      <Filter>ADTs</Filter>
    </ClInclude>
    <ClInclude Include="ADTs\QueueADT.h">
      <Filter>ADTs</Filter>
    </ClInclude>
    <ClInclude Include="ADTs\StackADT.h">
      <Filter>ADTs</Filter>
    </ClInclude>
    <ClInclude Include="Classes\orders.h">
      <Filter>Classes</Filter>
    </ClInclude>
    <ClInclude Include="Classes\scooters.h">
      <Filter>Classes</Filter>
    </ClInclude>
    <ClInclude Include="Classes\tables.h">
      <Filter>Classes</Filter>
    </ClInclude>
    <ClInclude Include="Actions\Actions.h">
      <Filter>Actions</Filter>
    </ClInclude>
    <ClInclude Include="UI\UI.h">
      <Filter>UI</Filter>
    </ClInclude>
    <ClInclude Include="Classes\chefs.h">
      <Filter>Classes</Filter>
    </ClInclude>
    <ClInclude Include="ADTs\priNode.h">
      <Filter>ADTs</Filter>
    </ClInclude>
    <ClInclude Include="ADTs\BestFitPriQueue.h">
      <Filter>ADTs</Filter>
    </ClInclude>
    <ClInclude Include="ADTs\CancelPriQueue.h">
      <Filter>ADTs</Filter>
    </ClInclude>
    <ClInclude Include="Actions\RequestAction.h">
      <Filter>Actions</Filter>
    </ClInclude>
    <ClInclude Include="Actions\CancelAction.h">
      <Filter>Actions</Filter>
    </ClInclude>
    <ClInclude Include="Restaurant\Restaurant.h">
      <Filter>Restaurant</Filter>
    </ClInclude>
    <ClInclude Include="ADTs\CancelQueue.h">
      <Filter>ADTs</Filter>
    </ClInclude>
    <ClInclude Include="Classes\Deliveryorders.h">
      <Filter>Classes</Filter>
    </ClInclude>
    <ClInclude Include="Classes\Dineorders.h">
      <Filter>Classes</Filter>
    </ClInclude>
    <ClInclude Include="Classes\Takeawayorders.h">
      <Filter>Classes</Filter>
    </ClInclude>
    <ClInclude Include="Classes\ComboOrders.h">
      <Filter>Classes</Filter>
    </ClInclude>
  </ItemGroup>
</Project>